
Microsoft Visual Studio Solution File, Format Version 12.00
# Visual Studio Version 16
VisualStudioVersion = 16.0.30011.22
MinimumVisualStudioVersion = 10.0.40219.1
Project("{FAE04EC0-301F-11D3-BF4B-00C04F79EFBC}") = "UserInterface", "UserInterface\UserInterface.csproj", "{CC72AEFA-4E33-464F-A887-6CCBA8738C5E}"
EndProject
Project("{FAE04EC0-301F-11D3-BF4B-00C04F79EFBC}") = "ShopFishing", "ShopFishing\ShopFishing.csproj", "{ECCB70F7-B0DE-43B1-B869-E743770CE079}"
EndProject
Global
	GlobalSection(SolutionConfigurationPlatforms) = preSolution
		Debug|Any CPU = Debug|Any CPU
		Release|Any CPU = Release|Any CPU
	EndGlobalSection
	GlobalSection(ProjectConfigurationPlatforms) = postSolution
		{CC72AEFA-4E33-464F-A887-6CCBA8738C5E}.Debug|Any CPU.ActiveCfg = Debug|Any CPU
		{CC72AEFA-4E33-464F-A887-6CCBA8738C5E}.Debug|Any CPU.Build.0 = Debug|Any CPU
		{CC72AEFA-4E33-464F-A887-6CCBA8738C5E}.Release|Any CPU.ActiveCfg = Release|Any CPU
		{CC72AEFA-4E33-464F-A887-6CCBA8738C5E}.Release|Any CPU.Build.0 = Release|Any CPU
		{ECCB70F7-B0DE-43B1-B869-E743770CE079}.Debug|Any CPU.ActiveCfg = Debug|Any CPU
		{ECCB70F7-B0DE-43B1-B869-E743770CE079}.Debug|Any CPU.Build.0 = Debug|Any CPU
		{ECCB70F7-B0DE-43B1-B869-E743770CE079}.Release|Any CPU.ActiveCfg = Release|Any CPU
		{ECCB70F7-B0DE-43B1-B869-E743770CE079}.Release|Any CPU.Build.0 = Release|Any CPU
	EndGlobalSection
	GlobalSection(SolutionProperties) = preSolution
		HideSolutionNode = FALSE
	EndGlobalSection
	GlobalSection(ExtensibilityGlobals) = postSolution
		SolutionGuid = {E2DE7774-467F-4FAD-9791-EC3CAA9BB9E5}
	EndGlobalSection
EndGlobal
